
Microsoft Visual Studio Solution File, Format Version 12.00
# Visual Studio 2012
Project("{8BC9CEB8-8B4A-11D0-8D11-00A0C91BC942}") = "Egine", "Egine\Egine.vcxproj", "{02AC35F7-C108-4BE2-84B1-E5BB47F0CCC1}"
EndProject
Project("{8BC9CEB8-8B4A-11D0-8D11-00A0C91BC942}") = "EgineTest", "EgineTest\EgineTest.vcxproj", "{D87283C0-1B8D-4FF8-95B1-24F0ACA2DD9E}"
EndProject
Global
	GlobalSection(SolutionConfigurationPlatforms) = preSolution
		Debug|Win32 = Debug|Win32
		Release|Win32 = Release|Win32
	EndGlobalSection
	GlobalSection(ProjectConfigurationPlatforms) = postSolution
		{02AC35F7-C108-4BE2-84B1-E5BB47F0CCC1}.Debug|Win32.ActiveCfg = Debug|Win32
		{02AC35F7-C108-4BE2-84B1-E5BB47F0CCC1}.Debug|Win32.Build.0 = Debug|Win32
		{02AC35F7-C108-4BE2-84B1-E5BB47F0CCC1}.Release|Win32.ActiveCfg = Release|Win32
		{02AC35F7-C108-4BE2-84B1-E5BB47F0CCC1}.Release|Win32.Build.0 = Release|Win32
		{D87283C0-1B8D-4FF8-95B1-24F0ACA2DD9E}.Debug|Win32.ActiveCfg = Debug|Win32
		{D87283C0-1B8D-4FF8-95B1-24F0ACA2DD9E}.Debug|Win32.Build.0 = Debug|Win32
		{D87283C0-1B8D-4FF8-95B1-24F0ACA2DD9E}.Release|Win32.ActiveCfg = Release|Win32
		{D87283C0-1B8D-4FF8-95B1-24F0ACA2DD9E}.Release|Win32.Build.0 = Release|Win32
	EndGlobalSection
	GlobalSection(SolutionProperties) = preSolution
		HideSolutionNode = FALSE
	EndGlobalSection
EndGlobal
